
Microsoft Visual Studio Solution File, Format Version 12.00
# Visual Studio Version 17
VisualStudioVersion = 17.5.33530.505
MinimumVisualStudioVersion = 10.0.40219.1
Project("{9A19103F-16F7-4668-BE54-9A1E7A4F7556}") = "DataLayer", "DataLayer\DataLayer.csproj", "{6E37CB2F-2958-49EC-835F-AF262F421E5D}"
EndProject
Project("{9A19103F-16F7-4668-BE54-9A1E7A4F7556}") = "WpfApp", "WpfApp\WpfApp.csproj", "{C8AA2C91-CCD8-4035-8444-D0E388842028}"
	ProjectSection(ProjectDependencies) = postProject
		{14F4697E-E096-4B25-AAF5-83278FBF7C9D} = {14F4697E-E096-4B25-AAF5-83278FBF7C9D}
	EndProjectSection
EndProject
Project("{9A19103F-16F7-4668-BE54-9A1E7A4F7556}") = "BusinessLayer", "BusinessLayer\BusinessLayer.csproj", "{14F4697E-E096-4B25-AAF5-83278FBF7C9D}"
	ProjectSection(ProjectDependencies) = postProject
		{6E37CB2F-2958-49EC-835F-AF262F421E5D} = {6E37CB2F-2958-49EC-835F-AF262F421E5D}
	EndProjectSection
EndProject
Global
	GlobalSection(SolutionConfigurationPlatforms) = preSolution
		Debug|Any CPU = Debug|Any CPU
		Release|Any CPU = Release|Any CPU
	EndGlobalSection
	GlobalSection(ProjectConfigurationPlatforms) = postSolution
		{6E37CB2F-2958-49EC-835F-AF262F421E5D}.Debug|Any CPU.ActiveCfg = Debug|Any CPU
		{6E37CB2F-2958-49EC-835F-AF262F421E5D}.Debug|Any CPU.Build.0 = Debug|Any CPU
		{6E37CB2F-2958-49EC-835F-AF262F421E5D}.Release|Any CPU.ActiveCfg = Release|Any CPU
		{6E37CB2F-2958-49EC-835F-AF262F421E5D}.Release|Any CPU.Build.0 = Release|Any CPU
		{C8AA2C91-CCD8-4035-8444-D0E388842028}.Debug|Any CPU.ActiveCfg = Debug|Any CPU
		{C8AA2C91-CCD8-4035-8444-D0E388842028}.Debug|Any CPU.Build.0 = Debug|Any CPU
		{C8AA2C91-CCD8-4035-8444-D0E388842028}.Release|Any CPU.ActiveCfg = Release|Any CPU
		{C8AA2C91-CCD8-4035-8444-D0E388842028}.Release|Any CPU.Build.0 = Release|Any CPU
		{14F4697E-E096-4B25-AAF5-83278FBF7C9D}.Debug|Any CPU.ActiveCfg = Debug|Any CPU
		{14F4697E-E096-4B25-AAF5-83278FBF7C9D}.Debug|Any CPU.Build.0 = Debug|Any CPU
		{14F4697E-E096-4B25-AAF5-83278FBF7C9D}.Release|Any CPU.ActiveCfg = Release|Any CPU
		{14F4697E-E096-4B25-AAF5-83278FBF7C9D}.Release|Any CPU.Build.0 = Release|Any CPU
	EndGlobalSection
	GlobalSection(SolutionProperties) = preSolution
		HideSolutionNode = FALSE
	EndGlobalSection
	GlobalSection(ExtensibilityGlobals) = postSolution
		SolutionGuid = {77BB3EA6-A8F2-456A-8C26-1FE79189DA6C}
	EndGlobalSection
EndGlobal
